
Microsoft Visual Studio Solution File, Format Version 12.00
# Visual Studio Version 16
VisualStudioVersion = 16.0.28803.202
MinimumVisualStudioVersion = 10.0.40219.1
Project("{FAE04EC0-301F-11D3-BF4B-00C04F79EFBC}") = "homeWork3", "homeWork3\homeWork3.csproj", "{397378B9-30A5-489B-AB3B-1BEC2EED750A}"
EndProject
Global
	GlobalSection(SolutionConfigurationPlatforms) = preSolution
		Debug|Any CPU = Debug|Any CPU
		Release|Any CPU = Release|Any CPU
	EndGlobalSection
	GlobalSection(ProjectConfigurationPlatforms) = postSolution
		{397378B9-30A5-489B-AB3B-1BEC2EED750A}.Debug|Any CPU.ActiveCfg = Debug|Any CPU
		{397378B9-30A5-489B-AB3B-1BEC2EED750A}.Debug|Any CPU.Build.0 = Debug|Any CPU
		{397378B9-30A5-489B-AB3B-1BEC2EED750A}.Release|Any CPU.ActiveCfg = Release|Any CPU
		{397378B9-30A5-489B-AB3B-1BEC2EED750A}.Release|Any CPU.Build.0 = Release|Any CPU
	EndGlobalSection
	GlobalSection(SolutionProperties) = preSolution
		HideSolutionNode = FALSE
	EndGlobalSection
	GlobalSection(ExtensibilityGlobals) = postSolution
		SolutionGuid = {04047DD9-C1D0-49A9-BEFC-F642417AD934}
	EndGlobalSection
EndGlobal
